<Solution>
  <Folder Name="/src/">
    <Project Path="src/Volumix.Core/Volumix.Core.csproj" />
    <Project Path="src/Volumix.Application/Volumix.Application.csproj" />
    <Project Path="src/Volumix.Infrastructure/Volumix.Infrastructure.csproj" />
    <Project Path="src/Volumix.Platform.Linux/Volumix.Platform.Linux.csproj" />
    <Project Path="src/Volumix.NativeInterop/Volumix.NativeInterop.csproj" />
    <Project Path="src/Volumix.UI/Volumix.UI.csproj" />
    <Project Path="src/Volumix.Cli/Volumix.Cli.csproj" />
  </Folder>
  <Folder Name="/tests/">
    <Project Path="tests/Volumix.Core.Tests/Volumix.Core.Tests.csproj" />
    <Project Path="tests/Volumix.Application.Tests/Volumix.Application.Tests.csproj" />
    <Project Path="tests/Volumix.Infrastructure.Tests/Volumix.Infrastructure.Tests.csproj" />
    <Project Path="tests/Volumix.Platform.Linux.Tests/Volumix.Platform.Linux.Tests.csproj" />
    <Project Path="tests/Volumix.NativeInterop.Tests/Volumix.NativeInterop.Tests.csproj" />
    <Project Path="tests/Volumix.UI.Tests/Volumix.UI.Tests.csproj" />
  </Folder>
</Solution>
